// !$*UTF8*$!
{
	archiveVersion = 1;
	classes = {
	};
	objectVersion = 48;
	objects = {

/* Begin PBXBuildFile section */
		345BA73720A03931003D4FE2 /* AppDelegate.swift in Sources */ = {isa = PBXBuildFile; fileRef = 345BA73620A03931003D4FE2 /* AppDelegate.swift */; };
		345BA73920A03931003D4FE2 /* ViewController.swift in Sources */ = {isa = PBXBuildFile; fileRef = 345BA73820A03931003D4FE2 /* ViewController.swift */; };
		345BA73C20A03931003D4FE2 /* Main.storyboard in Resources */ = {isa = PBXBuildFile; fileRef = 345BA73A20A03931003D4FE2 /* Main.storyboard */; };
		345BA73E20A03931003D4FE2 /* Assets.xcassets in Resources */ = {isa = PBXBuildFile; fileRef = 345BA73D20A03931003D4FE2 /* Assets.xcassets */; };
		345BA74120A03931003D4FE2 /* LaunchScreen.storyboard in Resources */ = {isa = PBXBuildFile; fileRef = 345BA73F20A03931003D4FE2 /* LaunchScreen.storyboard */; };
/* End PBXBuildFile section */

/* Begin PBXFileReference section */
		345BA73320A03931003D4FE2 /* DeepLinkAndPushNotification.app */ = {isa = PBXFileReference; explicitFileType = wrapper.application; includeInIndex = 0; path = DeepLinkAndPushNotification.app; sourceTree = BUILT_PRODUCTS_DIR; };
		345BA73620A03931003D4FE2 /* AppDelegate.swift */ = {isa = PBXFileReference; lastKnownFileType = sourcecode.swift; path = AppDelegate.swift; sourceTree = "<group>"; };
		345BA73820A03931003D4FE2 /* ViewController.swift */ = {isa = PBXFileReference; lastKnownFileType = sourcecode.swift; path = ViewController.swift; sourceTree = "<group>"; };
		345BA73B20A03931003D4FE2 /* Base */ = {isa = PBXFileReference; lastKnownFileType = file.storyboard; name = Base; path = Base.lproj/Main.storyboard; sourceTree = "<group>"; };
		345BA73D20A03931003D4FE2 /* Assets.xcassets */ = {isa = PBXFileReference; lastKnownFileType = folder.assetcatalog; path = Assets.xcassets; sourceTree = "<group>"; };
		345BA74020A03931003D4FE2 /* Base */ = {isa = PBXFileReference; lastKnownFileType = file.storyboard; name = Base; path = Base.lproj/LaunchScreen.storyboard; sourceTree = "<group>"; };
		345BA74220A03931003D4FE2 /* Info.plist */ = {isa = PBXFileReference; lastKnownFileType = text.plist.xml; path = Info.plist; sourceTree = "<group>"; };
/* End PBXFileReference section */

/* Begin PBXFrameworksBuildPhase section */
		345BA73020A03931003D4FE2 /* Frameworks */ = {
			isa = PBXFrameworksBuildPhase;
			buildActionMask = 2147483647;
			files = (
			);
			runOnlyForDeploymentPostprocessing = 0;
		};
/* End PBXFrameworksBuildPhase section */

/* Begin PBXGroup section */
		345BA72A20A03931003D4FE2 = {
			isa = PBXGroup;
			children = (
				345BA73520A03931003D4FE2 /* DeepLinkAndPushNotification */,
				345BA73420A03931003D4FE2 /* Products */,
			);
			sourceTree = "<group>";
		};
		345BA73420A03931003D4FE2 /* Products */ = {
			isa = PBXGroup;
			children = (
				345BA73320A03931003D4FE2 /* DeepLinkAndPushNotification.app */,
			);
			name = Products;
			sourceTree = "<group>";
		};
		345BA73520A03931003D4FE2 /* DeepLinkAndPushNotification */ = {
			isa = PBXGroup;
			children = (
				345BA73620A03931003D4FE2 /* AppDelegate.swift */,
				345BA73820A03931003D4FE2 /* ViewController.swift */,
				345BA73A20A03931003D4FE2 /* Main.storyboard */,
				345BA73D20A03931003D4FE2 /* Assets.xcassets */,
				345BA73F20A03931003D4FE2 /* LaunchScreen.storyboard */,
				345BA74220A03931003D4FE2 /* Info.plist */,
			);
			path = DeepLinkAndPushNotification;
			sourceTree = "<group>";
		};
/* End PBXGroup section */

/* Begin PBXNativeTarget section */
		345BA73220A03931003D4FE2 /* DeepLinkAndPushNotification */ = {
			isa = PBXNativeTarget;
			buildConfigurationList = 345BA74520A03931003D4FE2 /* Build configuration list for PBXNativeTarget "DeepLinkAndPushNotification" */;
			buildPhases = (
				345BA72F20A03931003D4FE2 /* Sources */,
				345BA73020A03931003D4FE2 /* Frameworks */,
				345BA73120A03931003D4FE2 /* Resources */,
			);
			buildRules = (
			);
			dependencies = (
			);
			name = DeepLinkAndPushNotification;
			productName = DeepLinkAndPushNotification;
			productReference = 345BA73320A03931003D4FE2 /* DeepLinkAndPushNotification.app */;
			productType = "com.apple.product-type.application";
		};
/* End PBXNativeTarget section */

/* Begin PBXProject section */
		345BA72B20A03931003D4FE2 /* Project object */ = {
			isa = PBXProject;
			attributes = {
				LastSwiftUpdateCheck = 0920;
				LastUpgradeCheck = 0920;
				ORGANIZATIONNAME = "Tran Quoc Bao";
				TargetAttributes = {
					345BA73220A03931003D4FE2 = {
						CreatedOnToolsVersion = 9.2;
						ProvisioningStyle = Automatic;
					};
				};
			};
			buildConfigurationList = 345BA72E20A03931003D4FE2 /* Build configuration list for PBXProject "DeepLinkAndPushNotification" */;
			compatibilityVersion = "Xcode 8.0";
			developmentRegion = en;
			hasScannedForEncodings = 0;
			knownRegions = (
				en,
				Base,
			);
			mainGroup = 345BA72A20A03931003D4FE2;
			productRefGroup = 345BA73420A03931003D4FE2 /* Products */;
			projectDirPath = "";
			projectRoot = "";
			targets = (
				345BA73220A03931003D4FE2 /* DeepLinkAndPushNotification */,
			);
		};
/* End PBXProject section */

/* Begin PBXResourcesBuildPhase section */
		345BA73120A03931003D4FE2 /* Resources */ = {
			isa = PBXResourcesBuildPhase;
			buildActionMask = 2147483647;
			files = (
				345BA74120A03931003D4FE2 /* LaunchScreen.storyboard in Resources */,
				345BA73E20A03931003D4FE2 /* Assets.xcassets in Resources */,
				345BA73C20A03931003D4FE2 /* Main.storyboard in Resources */,
			);
			runOnlyForDeploymentPostprocessing = 0;
		};
/* End PBXResourcesBuildPhase section */

/* Begin PBXSourcesBuildPhase section */
		345BA72F20A03931003D4FE2 /* Sources */ = {
			isa = PBXSourcesBuildPhase;
			buildActionMask = 2147483647;
			files = (
				345BA73920A03931003D4FE2 /* ViewController.swift in Sources */,
				345BA73720A03931003D4FE2 /* AppDelegate.swift in Sources */,
			);
			runOnlyForDeploymentPostprocessing = 0;
		};
/* End PBXSourcesBuildPhase section */

/* Begin PBXVariantGroup section */
		345BA73A20A03931003D4FE2 /* Main.storyboard */ = {
			isa = PBXVariantGroup;
			children = (
				345BA73B20A03931003D4FE2 /* Base */,
			);
			name = Main.storyboard;
			sourceTree = "<group>";
		};
		345BA73F20A03931003D4FE2 /* LaunchScreen.storyboard */ = {
			isa = PBXVariantGroup;
			children = (
				345BA74020A03931003D4FE2 /* Base */,
			);
			name = LaunchScreen.storyboard;
			sourceTree = "<group>";
		};
/* End PBXVariantGroup section */

/* Begin XCBuildConfiguration section */
		345BA74320A03931003D4FE2 /* Debug */ = {
			isa = XCBuildConfiguration;
			buildSettings = {
				ALWAYS_SEARCH_USER_PATHS = NO;
				CLANG_ANALYZER_NONNULL = YES;
				CLANG_ANALYZER_NUMBER_OBJECT_CONVERSION = YES_AGGRESSIVE;
				CLANG_CXX_LANGUAGE_STANDARD = "gnu++14";
				CLANG_CXX_LIBRARY = "libc++";
				CLANG_ENABLE_MODULES = YES;
				CLANG_ENABLE_OBJC_ARC = YES;
				CLANG_WARN_BLOCK_CAPTURE_AUTORELEASING = YES;
				CLANG_WARN_BOOL_CONVERSION = YES;
				CLANG_WARN_COMMA = YES;
				CLANG_WARN_CONSTANT_CONVERSION = YES;
				CLANG_WARN_DIRECT_OBJC_ISA_USAGE = YES_ERROR;
				CLANG_WARN_DOCUMENTATION_COMMENTS = YES;
				CLANG_WARN_EMPTY_BODY = YES;
				CLANG_WARN_ENUM_CONVERSION = YES;
				CLANG_WARN_INFINITE_RECURSION = YES;
				CLANG_WARN_INT_CONVERSION = YES;
				CLANG_WARN_NON_LITERAL_NULL_CONVERSION = YES;
				CLANG_WARN_OBJC_LITERAL_CONVERSION = YES;
				CLANG_WARN_OBJC_ROOT_CLASS = YES_ERROR;
				CLANG_WARN_RANGE_LOOP_ANALYSIS = YES;
				CLANG_WARN_STRICT_PROTOTYPES = YES;
				CLANG_WARN_SUSPICIOUS_MOVE = YES;
				CLANG_WARN_UNGUARDED_AVAILABILITY = YES_AGGRESSIVE;
				CLANG_WARN_UNREACHABLE_CODE = YES;
				CLANG_WARN__DUPLICATE_METHOD_MATCH = YES;
				CODE_SIGN_IDENTITY = "iPhone Developer";
				COPY_PHASE_STRIP = NO;
				DEBUG_INFORMATION_FORMAT = dwarf;
				ENABLE_STRICT_OBJC_MSGSEND = YES;
				ENABLE_TESTABILITY = YES;
				GCC_C_LANGUAGE_STANDARD = gnu11;
				GCC_DYNAMIC_NO_PIC = NO;
				GCC_NO_COMMON_BLOCKS = YES;
				GCC_OPTIMIZATION_LEVEL = 0;
				GCC_PREPROCESSOR_DEFINITIONS = (
					"DEBUG=1",
					"$(inherited)",
				);
				GCC_WARN_64_TO_32_BIT_CONVERSION = YES;
				GCC_WARN_ABOUT_RETURN_TYPE = YES_ERROR;
				GCC_WARN_UNDECLARED_SELECTOR = YES;
				GCC_WARN_UNINITIALIZED_AUTOS = YES_AGGRESSIVE;
				GCC_WARN_UNUSED_FUNCTION = YES;
				GCC_WARN_UNUSED_VARIABLE = YES;
				IPHONEOS_DEPLOYMENT_TARGET = 11.2;
				MTL_ENABLE_DEBUG_INFO = YES;
				ONLY_ACTIVE_ARCH = YES;
				SDKROOT = iphoneos;
				SWIFT_ACTIVE_COMPILATION_CONDITIONS = DEBUG;
				SWIFT_OPTIMIZATION_LEVEL = "-Onone";
			};
			name = Debug;
		};
		345BA74420A03931003D4FE2 /* Release */ = {
			isa = XCBuildConfiguration;
			buildSettings = {
				ALWAYS_SEARCH_USER_PATHS = NO;
				CLANG_ANALYZER_NONNULL = YES;
				CLANG_ANALYZER_NUMBER_OBJECT_CONVERSION = YES_AGGRESSIVE;
				CLANG_CXX_LANGUAGE_STANDARD = "gnu++14";
				CLANG_CXX_LIBRARY = "libc++";
				CLANG_ENABLE_MODULES = YES;
				CLANG_ENABLE_OBJC_ARC = YES;
				CLANG_WARN_BLOCK_CAPTURE_AUTORELEASING = YES;
				CLANG_WARN_BOOL_CONVERSION = YES;
				CLANG_WARN_COMMA = YES;
				CLANG_WARN_CONSTANT_CONVERSION = YES;
				CLANG_WARN_DIRECT_OBJC_ISA_USAGE = YES_ERROR;
				CLANG_WARN_DOCUMENTATION_COMMENTS = YES;
				CLANG_WARN_EMPTY_BODY = YES;
				CLANG_WARN_ENUM_CONVERSION = YES;
				CLANG_WARN_INFINITE_RECURSION = YES;
				CLANG_WARN_INT_CONVERSION = YES;
				CLANG_WARN_NON_LITERAL_NULL_CONVERSION = YES;
				CLANG_WARN_OBJC_LITERAL_CONVERSION = YES;
				CLANG_WARN_OBJC_ROOT_CLASS = YES_ERROR;
				CLANG_WARN_RANGE_LOOP_ANALYSIS = YES;
				CLANG_WARN_STRICT_PROTOTYPES = YES;
				CLANG_WARN_SUSPICIOUS_MOVE = YES;
				CLANG_WARN_UNGUARDED_AVAILABILITY = YES_AGGRESSIVE;
				CLANG_WARN_UNREACHABLE_CODE = YES;
				CLANG_WARN__DUPLICATE_METHOD_MATCH = YES;
				CODE_SIGN_IDENTITY = "iPhone Developer";
				COPY_PHASE_STRIP = NO;
				DEBUG_INFORMATION_FORMAT = "dwarf-with-dsym";
				ENABLE_NS_ASSERTIONS = NO;
				ENABLE_STRICT_OBJC_MSGSEND = YES;
				GCC_C_LANGUAGE_STANDARD = gnu11;
				GCC_NO_COMMON_BLOCKS = YES;
				GCC_WARN_64_TO_32_BIT_CONVERSION = YES;
				GCC_WARN_ABOUT_RETURN_TYPE = YES_ERROR;
				GCC_WARN_UNDECLARED_SELECTOR = YES;
				GCC_WARN_UNINITIALIZED_AUTOS = YES_AGGRESSIVE;
				GCC_WARN_UNUSED_FUNCTION = YES;
				GCC_WARN_UNUSED_VARIABLE = YES;
				IPHONEOS_DEPLOYMENT_TARGET = 11.2;
				MTL_ENABLE_DEBUG_INFO = NO;
				SDKROOT = iphoneos;
				SWIFT_OPTIMIZATION_LEVEL = "-Owholemodule";
				VALIDATE_PRODUCT = YES;
			};
			name = Release;
		};
		345BA74620A03931003D4FE2 /* Debug */ = {
			isa = XCBuildConfiguration;
			buildSettings = {
				ASSETCATALOG_COMPILER_APPICON_NAME = AppIcon;
				CODE_SIGN_STYLE = Automatic;
				DEVELOPMENT_TEAM = 4395L5MX45;
				INFOPLIST_FILE = DeepLinkAndPushNotification/Info.plist;
				LD_RUNPATH_SEARCH_PATHS = "$(inherited) @executable_path/Frameworks";
				PRODUCT_BUNDLE_IDENTIFIER = ae.tcaabudhabi.culture.DeepLinkAndPushNotification;
				PRODUCT_NAME = "$(TARGET_NAME)";
				SWIFT_VERSION = 4.0;
				TARGETED_DEVICE_FAMILY = "1,2";
			};
			name = Debug;
		};
		345BA74720A03931003D4FE2 /* Release */ = {
			isa = XCBuildConfiguration;
			buildSettings = {
				ASSETCATALOG_COMPILER_APPICON_NAME = AppIcon;
				CODE_SIGN_STYLE = Automatic;
				DEVELOPMENT_TEAM = 4395L5MX45;
				INFOPLIST_FILE = DeepLinkAndPushNotification/Info.plist;
				LD_RUNPATH_SEARCH_PATHS = "$(inherited) @executable_path/Frameworks";
				PRODUCT_BUNDLE_IDENTIFIER = ae.tcaabudhabi.culture.DeepLinkAndPushNotification;
				PRODUCT_NAME = "$(TARGET_NAME)";
				SWIFT_VERSION = 4.0;
				TARGETED_DEVICE_FAMILY = "1,2";
			};
			name = Release;
		};
/* End XCBuildConfiguration section */

/* Begin XCConfigurationList section */
		345BA72E20A03931003D4FE2 /* Build configuration list for PBXProject "DeepLinkAndPushNotification" */ = {
			isa = XCConfigurationList;
			buildConfigurations = (
				345BA74320A03931003D4FE2 /* Debug */,
				345BA74420A03931003D4FE2 /* Release */,
			);
			defaultConfigurationIsVisible = 0;
			defaultConfigurationName = Release;
		};
		345BA74520A03931003D4FE2 /* Build configuration list for PBXNativeTarget "DeepLinkAndPushNotification" */ = {
			isa = XCConfigurationList;
			buildConfigurations = (
				345BA74620A03931003D4FE2 /* Debug */,
				345BA74720A03931003D4FE2 /* Release */,
			);
			defaultConfigurationIsVisible = 0;
			defaultConfigurationName = Release;
		};
/* End XCConfigurationList section */
	};
	rootObject = 345BA72B20A03931003D4FE2 /* Project object */;
}
