// !$*UTF8*$!
{
	archiveVersion = 1;
	classes = {
	};
	objectVersion = 48;
	objects = {

/* Begin PBXBuildFile section */
		21A70ACAF261F89E664DB6EC /* Pods_DeepLinkAndPushNotification.framework in Frameworks */ = {isa = PBXBuildFile; fileRef = DA87695D9DE327E2C72A33D8 /* Pods_DeepLinkAndPushNotification.framework */; };
		345BA73720A03931003D4FE2 /* AppDelegate.swift in Sources */ = {isa = PBXBuildFile; fileRef = 345BA73620A03931003D4FE2 /* AppDelegate.swift */; };
		345BA73920A03931003D4FE2 /* ViewController.swift in Sources */ = {isa = PBXBuildFile; fileRef = 345BA73820A03931003D4FE2 /* ViewController.swift */; };
		345BA73C20A03931003D4FE2 /* Main.storyboard in Resources */ = {isa = PBXBuildFile; fileRef = 345BA73A20A03931003D4FE2 /* Main.storyboard */; };
		345BA73E20A03931003D4FE2 /* Assets.xcassets in Resources */ = {isa = PBXBuildFile; fileRef = 345BA73D20A03931003D4FE2 /* Assets.xcassets */; };
		345BA74120A03931003D4FE2 /* LaunchScreen.storyboard in Resources */ = {isa = PBXBuildFile; fileRef = 345BA73F20A03931003D4FE2 /* LaunchScreen.storyboard */; };
		345BA74920A03F6D003D4FE2 /* DeepLinkManager.swift in Sources */ = {isa = PBXBuildFile; fileRef = 345BA74820A03F6D003D4FE2 /* DeepLinkManager.swift */; };
		345BA74E20A04492003D4FE2 /* DeepLinkNavigator.swift in Sources */ = {isa = PBXBuildFile; fileRef = 345BA74D20A04492003D4FE2 /* DeepLinkNavigator.swift */; };
		345BA75020A04CDF003D4FE2 /* ShortcutParser.swift in Sources */ = {isa = PBXBuildFile; fileRef = 345BA74F20A04CDF003D4FE2 /* ShortcutParser.swift */; };
/* End PBXBuildFile section */

/* Begin PBXFileReference section */
		345BA73320A03931003D4FE2 /* DeepLinkAndPushNotification.app */ = {isa = PBXFileReference; explicitFileType = wrapper.application; includeInIndex = 0; path = DeepLinkAndPushNotification.app; sourceTree = BUILT_PRODUCTS_DIR; };
		345BA73620A03931003D4FE2 /* AppDelegate.swift */ = {isa = PBXFileReference; lastKnownFileType = sourcecode.swift; path = AppDelegate.swift; sourceTree = "<group>"; };
		345BA73820A03931003D4FE2 /* ViewController.swift */ = {isa = PBXFileReference; lastKnownFileType = sourcecode.swift; path = ViewController.swift; sourceTree = "<group>"; };
		345BA73B20A03931003D4FE2 /* Base */ = {isa = PBXFileReference; lastKnownFileType = file.storyboard; name = Base; path = Base.lproj/Main.storyboard; sourceTree = "<group>"; };
		345BA73D20A03931003D4FE2 /* Assets.xcassets */ = {isa = PBXFileReference; lastKnownFileType = folder.assetcatalog; path = Assets.xcassets; sourceTree = "<group>"; };
		345BA74020A03931003D4FE2 /* Base */ = {isa = PBXFileReference; lastKnownFileType = file.storyboard; name = Base; path = Base.lproj/LaunchScreen.storyboard; sourceTree = "<group>"; };
		345BA74220A03931003D4FE2 /* Info.plist */ = {isa = PBXFileReference; lastKnownFileType = text.plist.xml; path = Info.plist; sourceTree = "<group>"; };
		345BA74820A03F6D003D4FE2 /* DeepLinkManager.swift */ = {isa = PBXFileReference; lastKnownFileType = sourcecode.swift; path = DeepLinkManager.swift; sourceTree = "<group>"; };
		345BA74D20A04492003D4FE2 /* DeepLinkNavigator.swift */ = {isa = PBXFileReference; lastKnownFileType = sourcecode.swift; path = DeepLinkNavigator.swift; sourceTree = "<group>"; };
		345BA74F20A04CDF003D4FE2 /* ShortcutParser.swift */ = {isa = PBXFileReference; lastKnownFileType = sourcecode.swift; path = ShortcutParser.swift; sourceTree = "<group>"; };
		4BC6CBFB87BCDD26D9F34B08 /* Pods-DeepLinkAndPushNotification.release.xcconfig */ = {isa = PBXFileReference; includeInIndex = 1; lastKnownFileType = text.xcconfig; name = "Pods-DeepLinkAndPushNotification.release.xcconfig"; path = "Pods/Target Support Files/Pods-DeepLinkAndPushNotification/Pods-DeepLinkAndPushNotification.release.xcconfig"; sourceTree = "<group>"; };
		B4FB406FD9FD45F9524536CB /* Pods-DeepLinkAndPushNotification.debug.xcconfig */ = {isa = PBXFileReference; includeInIndex = 1; lastKnownFileType = text.xcconfig; name = "Pods-DeepLinkAndPushNotification.debug.xcconfig"; path = "Pods/Target Support Files/Pods-DeepLinkAndPushNotification/Pods-DeepLinkAndPushNotification.debug.xcconfig"; sourceTree = "<group>"; };
		DA87695D9DE327E2C72A33D8 /* Pods_DeepLinkAndPushNotification.framework */ = {isa = PBXFileReference; explicitFileType = wrapper.framework; includeInIndex = 0; path = Pods_DeepLinkAndPushNotification.framework; sourceTree = BUILT_PRODUCTS_DIR; };
/* End PBXFileReference section */

/* Begin PBXFrameworksBuildPhase section */
		345BA73020A03931003D4FE2 /* Frameworks */ = {
			isa = PBXFrameworksBuildPhase;
			buildActionMask = 2147483647;
			files = (
				21A70ACAF261F89E664DB6EC /* Pods_DeepLinkAndPushNotification.framework in Frameworks */,
			);
			runOnlyForDeploymentPostprocessing = 0;
		};
/* End PBXFrameworksBuildPhase section */

/* Begin PBXGroup section */
		345BA72A20A03931003D4FE2 = {
			isa = PBXGroup;
			children = (
				345BA73520A03931003D4FE2 /* DeepLinkAndPushNotification */,
				345BA73420A03931003D4FE2 /* Products */,
				6CDE3B99BEB536BB831BBD70 /* Pods */,
				545F4CED42D6D0374ED69623 /* Frameworks */,
			);
			sourceTree = "<group>";
		};
		345BA73420A03931003D4FE2 /* Products */ = {
			isa = PBXGroup;
			children = (
				345BA73320A03931003D4FE2 /* DeepLinkAndPushNotification.app */,
			);
			name = Products;
			sourceTree = "<group>";
		};
		345BA73520A03931003D4FE2 /* DeepLinkAndPushNotification */ = {
			isa = PBXGroup;
			children = (
				345BA74C20A04472003D4FE2 /* Application */,
				345BA74B20A0446A003D4FE2 /* ViewControllers */,
				345BA74A20A04459003D4FE2 /* Services */,
				345BA73A20A03931003D4FE2 /* Main.storyboard */,
				345BA73D20A03931003D4FE2 /* Assets.xcassets */,
				345BA73F20A03931003D4FE2 /* LaunchScreen.storyboard */,
				345BA74220A03931003D4FE2 /* Info.plist */,
			);
			path = DeepLinkAndPushNotification;
			sourceTree = "<group>";
		};
		345BA74A20A04459003D4FE2 /* Services */ = {
			isa = PBXGroup;
			children = (
				345BA74820A03F6D003D4FE2 /* DeepLinkManager.swift */,
				345BA74D20A04492003D4FE2 /* DeepLinkNavigator.swift */,
				345BA74F20A04CDF003D4FE2 /* ShortcutParser.swift */,
			);
			path = Services;
			sourceTree = "<group>";
		};
		345BA74B20A0446A003D4FE2 /* ViewControllers */ = {
			isa = PBXGroup;
			children = (
				345BA73820A03931003D4FE2 /* ViewController.swift */,
			);
			path = ViewControllers;
			sourceTree = "<group>";
		};
		345BA74C20A04472003D4FE2 /* Application */ = {
			isa = PBXGroup;
			children = (
				345BA73620A03931003D4FE2 /* AppDelegate.swift */,
			);
			path = Application;
			sourceTree = "<group>";
		};
		545F4CED42D6D0374ED69623 /* Frameworks */ = {
			isa = PBXGroup;
			children = (
				DA87695D9DE327E2C72A33D8 /* Pods_DeepLinkAndPushNotification.framework */,
			);
			name = Frameworks;
			sourceTree = "<group>";
		};
		6CDE3B99BEB536BB831BBD70 /* Pods */ = {
			isa = PBXGroup;
			children = (
				B4FB406FD9FD45F9524536CB /* Pods-DeepLinkAndPushNotification.debug.xcconfig */,
				4BC6CBFB87BCDD26D9F34B08 /* Pods-DeepLinkAndPushNotification.release.xcconfig */,
			);
			name = Pods;
			sourceTree = "<group>";
		};
/* End PBXGroup section */

/* Begin PBXNativeTarget section */
		345BA73220A03931003D4FE2 /* DeepLinkAndPushNotification */ = {
			isa = PBXNativeTarget;
			buildConfigurationList = 345BA74520A03931003D4FE2 /* Build configuration list for PBXNativeTarget "DeepLinkAndPushNotification" */;
			buildPhases = (
				F8DC4456E7112A5AF2F468B5 /* [CP] Check Pods Manifest.lock */,
				345BA72F20A03931003D4FE2 /* Sources */,
				345BA73020A03931003D4FE2 /* Frameworks */,
				345BA73120A03931003D4FE2 /* Resources */,
				91A0D795E8681F5A2B7DC7D5 /* [CP] Embed Pods Frameworks */,
				64D61345AF004C79C39F3FCC /* [CP] Copy Pods Resources */,
			);
			buildRules = (
			);
			dependencies = (
			);
			name = DeepLinkAndPushNotification;
			productName = DeepLinkAndPushNotification;
			productReference = 345BA73320A03931003D4FE2 /* DeepLinkAndPushNotification.app */;
			productType = "com.apple.product-type.application";
		};
/* End PBXNativeTarget section */

/* Begin PBXProject section */
		345BA72B20A03931003D4FE2 /* Project object */ = {
			isa = PBXProject;
			attributes = {
				LastSwiftUpdateCheck = 0920;
				LastUpgradeCheck = 0920;
				ORGANIZATIONNAME = "Tran Quoc Bao";
				TargetAttributes = {
					345BA73220A03931003D4FE2 = {
						CreatedOnToolsVersion = 9.2;
						ProvisioningStyle = Automatic;
					};
				};
			};
			buildConfigurationList = 345BA72E20A03931003D4FE2 /* Build configuration list for PBXProject "DeepLinkAndPushNotification" */;
			compatibilityVersion = "Xcode 8.0";
			developmentRegion = en;
			hasScannedForEncodings = 0;
			knownRegions = (
				en,
				Base,
			);
			mainGroup = 345BA72A20A03931003D4FE2;
			productRefGroup = 345BA73420A03931003D4FE2 /* Products */;
			projectDirPath = "";
			projectRoot = "";
			targets = (
				345BA73220A03931003D4FE2 /* DeepLinkAndPushNotification */,
			);
		};
/* End PBXProject section */

/* Begin PBXResourcesBuildPhase section */
		345BA73120A03931003D4FE2 /* Resources */ = {
			isa = PBXResourcesBuildPhase;
			buildActionMask = 2147483647;
			files = (
				345BA74120A03931003D4FE2 /* LaunchScreen.storyboard in Resources */,
				345BA73E20A03931003D4FE2 /* Assets.xcassets in Resources */,
				345BA73C20A03931003D4FE2 /* Main.storyboard in Resources */,
			);
			runOnlyForDeploymentPostprocessing = 0;
		};
/* End PBXResourcesBuildPhase section */

/* Begin PBXShellScriptBuildPhase section */
		64D61345AF004C79C39F3FCC /* [CP] Copy Pods Resources */ = {
			isa = PBXShellScriptBuildPhase;
			buildActionMask = 2147483647;
			files = (
			);
			inputPaths = (
			);
			name = "[CP] Copy Pods Resources";
			outputPaths = (
			);
			runOnlyForDeploymentPostprocessing = 0;
			shellPath = /bin/sh;
			shellScript = "\"${SRCROOT}/Pods/Target Support Files/Pods-DeepLinkAndPushNotification/Pods-DeepLinkAndPushNotification-resources.sh\"\n";
			showEnvVarsInLog = 0;
		};
		91A0D795E8681F5A2B7DC7D5 /* [CP] Embed Pods Frameworks */ = {
			isa = PBXShellScriptBuildPhase;
			buildActionMask = 2147483647;
			files = (
			);
			inputPaths = (
				"${SRCROOT}/Pods/Target Support Files/Pods-DeepLinkAndPushNotification/Pods-DeepLinkAndPushNotification-frameworks.sh",
				"${BUILT_PRODUCTS_DIR}/PusherSwift/PusherSwift.framework",
			);
			name = "[CP] Embed Pods Frameworks";
			outputPaths = (
				"${TARGET_BUILD_DIR}/${FRAMEWORKS_FOLDER_PATH}/PusherSwift.framework",
			);
			runOnlyForDeploymentPostprocessing = 0;
			shellPath = /bin/sh;
			shellScript = "\"${SRCROOT}/Pods/Target Support Files/Pods-DeepLinkAndPushNotification/Pods-DeepLinkAndPushNotification-frameworks.sh\"\n";
			showEnvVarsInLog = 0;
		};
		F8DC4456E7112A5AF2F468B5 /* [CP] Check Pods Manifest.lock */ = {
			isa = PBXShellScriptBuildPhase;
			buildActionMask = 2147483647;
			files = (
			);
			inputPaths = (
				"${PODS_PODFILE_DIR_PATH}/Podfile.lock",
				"${PODS_ROOT}/Manifest.lock",
			);
			name = "[CP] Check Pods Manifest.lock";
			outputPaths = (
				"$(DERIVED_FILE_DIR)/Pods-DeepLinkAndPushNotification-checkManifestLockResult.txt",
			);
			runOnlyForDeploymentPostprocessing = 0;
			shellPath = /bin/sh;
			shellScript = "diff \"${PODS_PODFILE_DIR_PATH}/Podfile.lock\" \"${PODS_ROOT}/Manifest.lock\" > /dev/null\nif [ $? != 0 ] ; then\n    # print error to STDERR\n    echo \"error: The sandbox is not in sync with the Podfile.lock. Run 'pod install' or update your CocoaPods installation.\" >&2\n    exit 1\nfi\n# This output is used by Xcode 'outputs' to avoid re-running this script phase.\necho \"SUCCESS\" > \"${SCRIPT_OUTPUT_FILE_0}\"\n";
			showEnvVarsInLog = 0;
		};
/* End PBXShellScriptBuildPhase section */

/* Begin PBXSourcesBuildPhase section */
		345BA72F20A03931003D4FE2 /* Sources */ = {
			isa = PBXSourcesBuildPhase;
			buildActionMask = 2147483647;
			files = (
				345BA73920A03931003D4FE2 /* ViewController.swift in Sources */,
				345BA75020A04CDF003D4FE2 /* ShortcutParser.swift in Sources */,
				345BA74E20A04492003D4FE2 /* DeepLinkNavigator.swift in Sources */,
				345BA73720A03931003D4FE2 /* AppDelegate.swift in Sources */,
				345BA74920A03F6D003D4FE2 /* DeepLinkManager.swift in Sources */,
			);
			runOnlyForDeploymentPostprocessing = 0;
		};
/* End PBXSourcesBuildPhase section */

/* Begin PBXVariantGroup section */
		345BA73A20A03931003D4FE2 /* Main.storyboard */ = {
			isa = PBXVariantGroup;
			children = (
				345BA73B20A03931003D4FE2 /* Base */,
			);
			name = Main.storyboard;
			sourceTree = "<group>";
		};
		345BA73F20A03931003D4FE2 /* LaunchScreen.storyboard */ = {
			isa = PBXVariantGroup;
			children = (
				345BA74020A03931003D4FE2 /* Base */,
			);
			name = LaunchScreen.storyboard;
			sourceTree = "<group>";
		};
/* End PBXVariantGroup section */

/* Begin XCBuildConfiguration section */
		345BA74320A03931003D4FE2 /* Debug */ = {
			isa = XCBuildConfiguration;
			buildSettings = {
				ALWAYS_SEARCH_USER_PATHS = NO;
				CLANG_ANALYZER_NONNULL = YES;
				CLANG_ANALYZER_NUMBER_OBJECT_CONVERSION = YES_AGGRESSIVE;
				CLANG_CXX_LANGUAGE_STANDARD = "gnu++14";
				CLANG_CXX_LIBRARY = "libc++";
				CLANG_ENABLE_MODULES = YES;
				CLANG_ENABLE_OBJC_ARC = YES;
				CLANG_WARN_BLOCK_CAPTURE_AUTORELEASING = YES;
				CLANG_WARN_BOOL_CONVERSION = YES;
				CLANG_WARN_COMMA = YES;
				CLANG_WARN_CONSTANT_CONVERSION = YES;
				CLANG_WARN_DIRECT_OBJC_ISA_USAGE = YES_ERROR;
				CLANG_WARN_DOCUMENTATION_COMMENTS = YES;
				CLANG_WARN_EMPTY_BODY = YES;
				CLANG_WARN_ENUM_CONVERSION = YES;
				CLANG_WARN_INFINITE_RECURSION = YES;
				CLANG_WARN_INT_CONVERSION = YES;
				CLANG_WARN_NON_LITERAL_NULL_CONVERSION = YES;
				CLANG_WARN_OBJC_LITERAL_CONVERSION = YES;
				CLANG_WARN_OBJC_ROOT_CLASS = YES_ERROR;
				CLANG_WARN_RANGE_LOOP_ANALYSIS = YES;
				CLANG_WARN_STRICT_PROTOTYPES = YES;
				CLANG_WARN_SUSPICIOUS_MOVE = YES;
				CLANG_WARN_UNGUARDED_AVAILABILITY = YES_AGGRESSIVE;
				CLANG_WARN_UNREACHABLE_CODE = YES;
				CLANG_WARN__DUPLICATE_METHOD_MATCH = YES;
				CODE_SIGN_IDENTITY = "iPhone Developer";
				COPY_PHASE_STRIP = NO;
				DEBUG_INFORMATION_FORMAT = dwarf;
				ENABLE_STRICT_OBJC_MSGSEND = YES;
				ENABLE_TESTABILITY = YES;
				GCC_C_LANGUAGE_STANDARD = gnu11;
				GCC_DYNAMIC_NO_PIC = NO;
				GCC_NO_COMMON_BLOCKS = YES;
				GCC_OPTIMIZATION_LEVEL = 0;
				GCC_PREPROCESSOR_DEFINITIONS = (
					"DEBUG=1",
					"$(inherited)",
				);
				GCC_WARN_64_TO_32_BIT_CONVERSION = YES;
				GCC_WARN_ABOUT_RETURN_TYPE = YES_ERROR;
				GCC_WARN_UNDECLARED_SELECTOR = YES;
				GCC_WARN_UNINITIALIZED_AUTOS = YES_AGGRESSIVE;
				GCC_WARN_UNUSED_FUNCTION = YES;
				GCC_WARN_UNUSED_VARIABLE = YES;
				IPHONEOS_DEPLOYMENT_TARGET = 11.2;
				MTL_ENABLE_DEBUG_INFO = YES;
				ONLY_ACTIVE_ARCH = YES;
				SDKROOT = iphoneos;
				SWIFT_ACTIVE_COMPILATION_CONDITIONS = DEBUG;
				SWIFT_OPTIMIZATION_LEVEL = "-Onone";
			};
			name = Debug;
		};
		345BA74420A03931003D4FE2 /* Release */ = {
			isa = XCBuildConfiguration;
			buildSettings = {
				ALWAYS_SEARCH_USER_PATHS = NO;
				CLANG_ANALYZER_NONNULL = YES;
				CLANG_ANALYZER_NUMBER_OBJECT_CONVERSION = YES_AGGRESSIVE;
				CLANG_CXX_LANGUAGE_STANDARD = "gnu++14";
				CLANG_CXX_LIBRARY = "libc++";
				CLANG_ENABLE_MODULES = YES;
				CLANG_ENABLE_OBJC_ARC = YES;
				CLANG_WARN_BLOCK_CAPTURE_AUTORELEASING = YES;
				CLANG_WARN_BOOL_CONVERSION = YES;
				CLANG_WARN_COMMA = YES;
				CLANG_WARN_CONSTANT_CONVERSION = YES;
				CLANG_WARN_DIRECT_OBJC_ISA_USAGE = YES_ERROR;
				CLANG_WARN_DOCUMENTATION_COMMENTS = YES;
				CLANG_WARN_EMPTY_BODY = YES;
				CLANG_WARN_ENUM_CONVERSION = YES;
				CLANG_WARN_INFINITE_RECURSION = YES;
				CLANG_WARN_INT_CONVERSION = YES;
				CLANG_WARN_NON_LITERAL_NULL_CONVERSION = YES;
				CLANG_WARN_OBJC_LITERAL_CONVERSION = YES;
				CLANG_WARN_OBJC_ROOT_CLASS = YES_ERROR;
				CLANG_WARN_RANGE_LOOP_ANALYSIS = YES;
				CLANG_WARN_STRICT_PROTOTYPES = YES;
				CLANG_WARN_SUSPICIOUS_MOVE = YES;
				CLANG_WARN_UNGUARDED_AVAILABILITY = YES_AGGRESSIVE;
				CLANG_WARN_UNREACHABLE_CODE = YES;
				CLANG_WARN__DUPLICATE_METHOD_MATCH = YES;
				CODE_SIGN_IDENTITY = "iPhone Developer";
				COPY_PHASE_STRIP = NO;
				DEBUG_INFORMATION_FORMAT = "dwarf-with-dsym";
				ENABLE_NS_ASSERTIONS = NO;
				ENABLE_STRICT_OBJC_MSGSEND = YES;
				GCC_C_LANGUAGE_STANDARD = gnu11;
				GCC_NO_COMMON_BLOCKS = YES;
				GCC_WARN_64_TO_32_BIT_CONVERSION = YES;
				GCC_WARN_ABOUT_RETURN_TYPE = YES_ERROR;
				GCC_WARN_UNDECLARED_SELECTOR = YES;
				GCC_WARN_UNINITIALIZED_AUTOS = YES_AGGRESSIVE;
				GCC_WARN_UNUSED_FUNCTION = YES;
				GCC_WARN_UNUSED_VARIABLE = YES;
				IPHONEOS_DEPLOYMENT_TARGET = 11.2;
				MTL_ENABLE_DEBUG_INFO = NO;
				SDKROOT = iphoneos;
				SWIFT_OPTIMIZATION_LEVEL = "-Owholemodule";
				VALIDATE_PRODUCT = YES;
			};
			name = Release;
		};
		345BA74620A03931003D4FE2 /* Debug */ = {
			isa = XCBuildConfiguration;
			baseConfigurationReference = B4FB406FD9FD45F9524536CB /* Pods-DeepLinkAndPushNotification.debug.xcconfig */;
			buildSettings = {
				ASSETCATALOG_COMPILER_APPICON_NAME = AppIcon;
				CODE_SIGN_STYLE = Automatic;
				DEVELOPMENT_TEAM = 4395L5MX45;
				INFOPLIST_FILE = DeepLinkAndPushNotification/Info.plist;
				LD_RUNPATH_SEARCH_PATHS = "$(inherited) @executable_path/Frameworks";
				PRODUCT_BUNDLE_IDENTIFIER = ae.tcaabudhabi.culture.DeepLinkAndPushNotification;
				PRODUCT_NAME = "$(TARGET_NAME)";
				SWIFT_VERSION = 4.0;
				TARGETED_DEVICE_FAMILY = "1,2";
			};
			name = Debug;
		};
		345BA74720A03931003D4FE2 /* Release */ = {
			isa = XCBuildConfiguration;
			baseConfigurationReference = 4BC6CBFB87BCDD26D9F34B08 /* Pods-DeepLinkAndPushNotification.release.xcconfig */;
			buildSettings = {
				ASSETCATALOG_COMPILER_APPICON_NAME = AppIcon;
				CODE_SIGN_STYLE = Automatic;
				DEVELOPMENT_TEAM = 4395L5MX45;
				INFOPLIST_FILE = DeepLinkAndPushNotification/Info.plist;
				LD_RUNPATH_SEARCH_PATHS = "$(inherited) @executable_path/Frameworks";
				PRODUCT_BUNDLE_IDENTIFIER = ae.tcaabudhabi.culture.DeepLinkAndPushNotification;
				PRODUCT_NAME = "$(TARGET_NAME)";
				SWIFT_VERSION = 4.0;
				TARGETED_DEVICE_FAMILY = "1,2";
			};
			name = Release;
		};
/* End XCBuildConfiguration section */

/* Begin XCConfigurationList section */
		345BA72E20A03931003D4FE2 /* Build configuration list for PBXProject "DeepLinkAndPushNotification" */ = {
			isa = XCConfigurationList;
			buildConfigurations = (
				345BA74320A03931003D4FE2 /* Debug */,
				345BA74420A03931003D4FE2 /* Release */,
			);
			defaultConfigurationIsVisible = 0;
			defaultConfigurationName = Release;
		};
		345BA74520A03931003D4FE2 /* Build configuration list for PBXNativeTarget "DeepLinkAndPushNotification" */ = {
			isa = XCConfigurationList;
			buildConfigurations = (
				345BA74620A03931003D4FE2 /* Debug */,
				345BA74720A03931003D4FE2 /* Release */,
			);
			defaultConfigurationIsVisible = 0;
			defaultConfigurationName = Release;
		};
/* End XCConfigurationList section */
	};
	rootObject = 345BA72B20A03931003D4FE2 /* Project object */;
}
